// !$*UTF8*$!
{
	archiveVersion = 1;
	classes = {
	};
	objectVersion = 56;
	objects = {

/* Begin PBXBuildFile section */
		CD95EE0E2BA2DE4D00FB0A96 /* FlightTimelineApp.swift in Sources */ = {isa = PBXBuildFile; fileRef = CD95EE0D2BA2DE4D00FB0A96 /* FlightTimelineApp.swift */; };
		CD95EE102BA2DE4D00FB0A96 /* ContentView.swift in Sources */ = {isa = PBXBuildFile; fileRef = CD95EE0F2BA2DE4D00FB0A96 /* ContentView.swift */; };
		CD95EE122BA2DE4F00FB0A96 /* Assets.xcassets in Resources */ = {isa = PBXBuildFile; fileRef = CD95EE112BA2DE4F00FB0A96 /* Assets.xcassets */; };
		CD95EE152BA2DE4F00FB0A96 /* Preview Assets.xcassets in Resources */ = {isa = PBXBuildFile; fileRef = CD95EE142BA2DE4F00FB0A96 /* Preview Assets.xcassets */; };
		CD95EE222BA2DF4900FB0A96 /* TimelineTableViewCell.swift in Sources */ = {isa = PBXBuildFile; fileRef = CD95EE1D2BA2DF4900FB0A96 /* TimelineTableViewCell.swift */; };
		CD95EE232BA2DF4900FB0A96 /* Timeline.swift in Sources */ = {isa = PBXBuildFile; fileRef = CD95EE1E2BA2DF4900FB0A96 /* Timeline.swift */; };
		CD95EE242BA2DF4900FB0A96 /* TimelinePoint.swift in Sources */ = {isa = PBXBuildFile; fileRef = CD95EE202BA2DF4900FB0A96 /* TimelinePoint.swift */; };
		CD95EE252BA2DF4900FB0A96 /* TimelineTableViewCell.xib in Resources */ = {isa = PBXBuildFile; fileRef = CD95EE212BA2DF4900FB0A96 /* TimelineTableViewCell.xib */; };
		CD95EE292BA2DF6100FB0A96 /* FlightInformation.swift in Sources */ = {isa = PBXBuildFile; fileRef = CD95EE272BA2DF6100FB0A96 /* FlightInformation.swift */; };
		CD95EE2A2BA2DF6100FB0A96 /* FlightHistory.swift in Sources */ = {isa = PBXBuildFile; fileRef = CD95EE282BA2DF6100FB0A96 /* FlightHistory.swift */; };
		CD95EE2C2BA2E09F00FB0A96 /* TimelineView.swift in Sources */ = {isa = PBXBuildFile; fileRef = CD95EE2B2BA2E09F00FB0A96 /* TimelineView.swift */; };
/* End PBXBuildFile section */

/* Begin PBXFileReference section */
		CD95EE0A2BA2DE4D00FB0A96 /* FlightTimeline.app */ = {isa = PBXFileReference; explicitFileType = wrapper.application; includeInIndex = 0; path = FlightTimeline.app; sourceTree = BUILT_PRODUCTS_DIR; };
		CD95EE0D2BA2DE4D00FB0A96 /* FlightTimelineApp.swift */ = {isa = PBXFileReference; lastKnownFileType = sourcecode.swift; path = FlightTimelineApp.swift; sourceTree = "<group>"; };
		CD95EE0F2BA2DE4D00FB0A96 /* ContentView.swift */ = {isa = PBXFileReference; lastKnownFileType = sourcecode.swift; path = ContentView.swift; sourceTree = "<group>"; };
		CD95EE112BA2DE4F00FB0A96 /* Assets.xcassets */ = {isa = PBXFileReference; lastKnownFileType = folder.assetcatalog; path = Assets.xcassets; sourceTree = "<group>"; };
		CD95EE142BA2DE4F00FB0A96 /* Preview Assets.xcassets */ = {isa = PBXFileReference; lastKnownFileType = folder.assetcatalog; path = "Preview Assets.xcassets"; sourceTree = "<group>"; };
		CD95EE1D2BA2DF4900FB0A96 /* TimelineTableViewCell.swift */ = {isa = PBXFileReference; fileEncoding = 4; lastKnownFileType = sourcecode.swift; path = TimelineTableViewCell.swift; sourceTree = "<group>"; };
		CD95EE1E2BA2DF4900FB0A96 /* Timeline.swift */ = {isa = PBXFileReference; fileEncoding = 4; lastKnownFileType = sourcecode.swift; path = Timeline.swift; sourceTree = "<group>"; };
		CD95EE1F2BA2DF4900FB0A96 /* TimelineTableViewCell.h */ = {isa = PBXFileReference; fileEncoding = 4; lastKnownFileType = sourcecode.c.h; path = TimelineTableViewCell.h; sourceTree = "<group>"; };
		CD95EE202BA2DF4900FB0A96 /* TimelinePoint.swift */ = {isa = PBXFileReference; fileEncoding = 4; lastKnownFileType = sourcecode.swift; path = TimelinePoint.swift; sourceTree = "<group>"; };
		CD95EE212BA2DF4900FB0A96 /* TimelineTableViewCell.xib */ = {isa = PBXFileReference; fileEncoding = 4; lastKnownFileType = file.xib; path = TimelineTableViewCell.xib; sourceTree = "<group>"; };
		CD95EE272BA2DF6100FB0A96 /* FlightInformation.swift */ = {isa = PBXFileReference; fileEncoding = 4; lastKnownFileType = sourcecode.swift; path = FlightInformation.swift; sourceTree = "<group>"; };
		CD95EE282BA2DF6100FB0A96 /* FlightHistory.swift */ = {isa = PBXFileReference; fileEncoding = 4; lastKnownFileType = sourcecode.swift; path = FlightHistory.swift; sourceTree = "<group>"; };
		CD95EE2B2BA2E09F00FB0A96 /* TimelineView.swift */ = {isa = PBXFileReference; lastKnownFileType = sourcecode.swift; path = TimelineView.swift; sourceTree = "<group>"; };
/* End PBXFileReference section */

/* Begin PBXFrameworksBuildPhase section */
		CD95EE072BA2DE4D00FB0A96 /* Frameworks */ = {
			isa = PBXFrameworksBuildPhase;
			buildActionMask = 2147483647;
			files = (
			);
			runOnlyForDeploymentPostprocessing = 0;
		};
/* End PBXFrameworksBuildPhase section */

/* Begin PBXGroup section */
		CD95EE012BA2DE4D00FB0A96 = {
			isa = PBXGroup;
			children = (
				CD95EE0C2BA2DE4D00FB0A96 /* FlightTimeline */,
				CD95EE0B2BA2DE4D00FB0A96 /* Products */,
			);
			sourceTree = "<group>";
		};
		CD95EE0B2BA2DE4D00FB0A96 /* Products */ = {
			isa = PBXGroup;
			children = (
				CD95EE0A2BA2DE4D00FB0A96 /* FlightTimeline.app */,
			);
			name = Products;
			sourceTree = "<group>";
		};
		CD95EE0C2BA2DE4D00FB0A96 /* FlightTimeline */ = {
			isa = PBXGroup;
			children = (
				CD95EE0D2BA2DE4D00FB0A96 /* FlightTimelineApp.swift */,
				CD95EE1C2BA2DF4900FB0A96 /* TimelineTableViewCell */,
				CD95EE262BA2DF6100FB0A96 /* Models */,
				CD95EE0F2BA2DE4D00FB0A96 /* ContentView.swift */,
				CD95EE2B2BA2E09F00FB0A96 /* TimelineView.swift */,
				CD95EE1B2BA2DE5C00FB0A96 /* Resources */,
				CD95EE132BA2DE4F00FB0A96 /* Preview Content */,
			);
			path = FlightTimeline;
			sourceTree = "<group>";
		};
		CD95EE132BA2DE4F00FB0A96 /* Preview Content */ = {
			isa = PBXGroup;
			children = (
				CD95EE142BA2DE4F00FB0A96 /* Preview Assets.xcassets */,
			);
			path = "Preview Content";
			sourceTree = "<group>";
		};
		CD95EE1B2BA2DE5C00FB0A96 /* Resources */ = {
			isa = PBXGroup;
			children = (
				CD95EE112BA2DE4F00FB0A96 /* Assets.xcassets */,
			);
			path = Resources;
			sourceTree = "<group>";
		};
		CD95EE1C2BA2DF4900FB0A96 /* TimelineTableViewCell */ = {
			isa = PBXGroup;
			children = (
				CD95EE1D2BA2DF4900FB0A96 /* TimelineTableViewCell.swift */,
				CD95EE1E2BA2DF4900FB0A96 /* Timeline.swift */,
				CD95EE1F2BA2DF4900FB0A96 /* TimelineTableViewCell.h */,
				CD95EE202BA2DF4900FB0A96 /* TimelinePoint.swift */,
				CD95EE212BA2DF4900FB0A96 /* TimelineTableViewCell.xib */,
			);
			path = TimelineTableViewCell;
			sourceTree = "<group>";
		};
		CD95EE262BA2DF6100FB0A96 /* Models */ = {
			isa = PBXGroup;
			children = (
				CD95EE272BA2DF6100FB0A96 /* FlightInformation.swift */,
				CD95EE282BA2DF6100FB0A96 /* FlightHistory.swift */,
			);
			path = Models;
			sourceTree = "<group>";
		};
/* End PBXGroup section */

/* Begin PBXNativeTarget section */
		CD95EE092BA2DE4D00FB0A96 /* FlightTimeline */ = {
			isa = PBXNativeTarget;
			buildConfigurationList = CD95EE182BA2DE4F00FB0A96 /* Build configuration list for PBXNativeTarget "FlightTimeline" */;
			buildPhases = (
				CD95EE062BA2DE4D00FB0A96 /* Sources */,
				CD95EE072BA2DE4D00FB0A96 /* Frameworks */,
				CD95EE082BA2DE4D00FB0A96 /* Resources */,
			);
			buildRules = (
			);
			dependencies = (
			);
			name = FlightTimeline;
			productName = FlightTimeline;
			productReference = CD95EE0A2BA2DE4D00FB0A96 /* FlightTimeline.app */;
			productType = "com.apple.product-type.application";
		};
/* End PBXNativeTarget section */

/* Begin PBXProject section */
		CD95EE022BA2DE4D00FB0A96 /* Project object */ = {
			isa = PBXProject;
			attributes = {
				BuildIndependentTargetsInParallel = 1;
				LastSwiftUpdateCheck = 1520;
				LastUpgradeCheck = 1520;
				TargetAttributes = {
					CD95EE092BA2DE4D00FB0A96 = {
						CreatedOnToolsVersion = 15.2;
					};
				};
			};
			buildConfigurationList = CD95EE052BA2DE4D00FB0A96 /* Build configuration list for PBXProject "FlightTimeline" */;
			compatibilityVersion = "Xcode 14.0";
			developmentRegion = en;
			hasScannedForEncodings = 0;
			knownRegions = (
				en,
				Base,
			);
			mainGroup = CD95EE012BA2DE4D00FB0A96;
			productRefGroup = CD95EE0B2BA2DE4D00FB0A96 /* Products */;
			projectDirPath = "";
			projectRoot = "";
			targets = (
				CD95EE092BA2DE4D00FB0A96 /* FlightTimeline */,
			);
		};
/* End PBXProject section */

/* Begin PBXResourcesBuildPhase section */
		CD95EE082BA2DE4D00FB0A96 /* Resources */ = {
			isa = PBXResourcesBuildPhase;
			buildActionMask = 2147483647;
			files = (
				CD95EE152BA2DE4F00FB0A96 /* Preview Assets.xcassets in Resources */,
				CD95EE252BA2DF4900FB0A96 /* TimelineTableViewCell.xib in Resources */,
				CD95EE122BA2DE4F00FB0A96 /* Assets.xcassets in Resources */,
			);
			runOnlyForDeploymentPostprocessing = 0;
		};
/* End PBXResourcesBuildPhase section */

/* Begin PBXSourcesBuildPhase section */
		CD95EE062BA2DE4D00FB0A96 /* Sources */ = {
			isa = PBXSourcesBuildPhase;
			buildActionMask = 2147483647;
			files = (
				CD95EE232BA2DF4900FB0A96 /* Timeline.swift in Sources */,
				CD95EE102BA2DE4D00FB0A96 /* ContentView.swift in Sources */,
				CD95EE292BA2DF6100FB0A96 /* FlightInformation.swift in Sources */,
				CD95EE222BA2DF4900FB0A96 /* TimelineTableViewCell.swift in Sources */,
				CD95EE0E2BA2DE4D00FB0A96 /* FlightTimelineApp.swift in Sources */,
				CD95EE2A2BA2DF6100FB0A96 /* FlightHistory.swift in Sources */,
				CD95EE242BA2DF4900FB0A96 /* TimelinePoint.swift in Sources */,
				CD95EE2C2BA2E09F00FB0A96 /* TimelineView.swift in Sources */,
			);
			runOnlyForDeploymentPostprocessing = 0;
		};
/* End PBXSourcesBuildPhase section */

/* Begin XCBuildConfiguration section */
		CD95EE162BA2DE4F00FB0A96 /* Debug */ = {
			isa = XCBuildConfiguration;
			buildSettings = {
				ALWAYS_SEARCH_USER_PATHS = NO;
				ASSETCATALOG_COMPILER_GENERATE_SWIFT_ASSET_SYMBOL_EXTENSIONS = YES;
				CLANG_ANALYZER_NONNULL = YES;
				CLANG_ANALYZER_NUMBER_OBJECT_CONVERSION = YES_AGGRESSIVE;
				CLANG_CXX_LANGUAGE_STANDARD = "gnu++20";
				CLANG_ENABLE_MODULES = YES;
				CLANG_ENABLE_OBJC_ARC = YES;
				CLANG_ENABLE_OBJC_WEAK = YES;
				CLANG_WARN_BLOCK_CAPTURE_AUTORELEASING = YES;
				CLANG_WARN_BOOL_CONVERSION = YES;
				CLANG_WARN_COMMA = YES;
				CLANG_WARN_CONSTANT_CONVERSION = YES;
				CLANG_WARN_DEPRECATED_OBJC_IMPLEMENTATIONS = YES;
				CLANG_WARN_DIRECT_OBJC_ISA_USAGE = YES_ERROR;
				CLANG_WARN_DOCUMENTATION_COMMENTS = YES;
				CLANG_WARN_EMPTY_BODY = YES;
				CLANG_WARN_ENUM_CONVERSION = YES;
				CLANG_WARN_INFINITE_RECURSION = YES;
				CLANG_WARN_INT_CONVERSION = YES;
				CLANG_WARN_NON_LITERAL_NULL_CONVERSION = YES;
				CLANG_WARN_OBJC_IMPLICIT_RETAIN_SELF = YES;
				CLANG_WARN_OBJC_LITERAL_CONVERSION = YES;
				CLANG_WARN_OBJC_ROOT_CLASS = YES_ERROR;
				CLANG_WARN_QUOTED_INCLUDE_IN_FRAMEWORK_HEADER = YES;
				CLANG_WARN_RANGE_LOOP_ANALYSIS = YES;
				CLANG_WARN_STRICT_PROTOTYPES = YES;
				CLANG_WARN_SUSPICIOUS_MOVE = YES;
				CLANG_WARN_UNGUARDED_AVAILABILITY = YES_AGGRESSIVE;
				CLANG_WARN_UNREACHABLE_CODE = YES;
				CLANG_WARN__DUPLICATE_METHOD_MATCH = YES;
				COPY_PHASE_STRIP = NO;
				DEBUG_INFORMATION_FORMAT = dwarf;
				ENABLE_STRICT_OBJC_MSGSEND = YES;
				ENABLE_TESTABILITY = YES;
				ENABLE_USER_SCRIPT_SANDBOXING = YES;
				GCC_C_LANGUAGE_STANDARD = gnu17;
				GCC_DYNAMIC_NO_PIC = NO;
				GCC_NO_COMMON_BLOCKS = YES;
				GCC_OPTIMIZATION_LEVEL = 0;
				GCC_PREPROCESSOR_DEFINITIONS = (
					"DEBUG=1",
					"$(inherited)",
				);
				GCC_WARN_64_TO_32_BIT_CONVERSION = YES;
				GCC_WARN_ABOUT_RETURN_TYPE = YES_ERROR;
				GCC_WARN_UNDECLARED_SELECTOR = YES;
				GCC_WARN_UNINITIALIZED_AUTOS = YES_AGGRESSIVE;
				GCC_WARN_UNUSED_FUNCTION = YES;
				GCC_WARN_UNUSED_VARIABLE = YES;
				IPHONEOS_DEPLOYMENT_TARGET = 17.2;
				LOCALIZATION_PREFERS_STRING_CATALOGS = YES;
				MTL_ENABLE_DEBUG_INFO = INCLUDE_SOURCE;
				MTL_FAST_MATH = YES;
				ONLY_ACTIVE_ARCH = YES;
				SDKROOT = iphoneos;
				SWIFT_ACTIVE_COMPILATION_CONDITIONS = "DEBUG $(inherited)";
				SWIFT_OPTIMIZATION_LEVEL = "-Onone";
			};
			name = Debug;
		};
		CD95EE172BA2DE4F00FB0A96 /* Release */ = {
			isa = XCBuildConfiguration;
			buildSettings = {
				ALWAYS_SEARCH_USER_PATHS = NO;
				ASSETCATALOG_COMPILER_GENERATE_SWIFT_ASSET_SYMBOL_EXTENSIONS = YES;
				CLANG_ANALYZER_NONNULL = YES;
				CLANG_ANALYZER_NUMBER_OBJECT_CONVERSION = YES_AGGRESSIVE;
				CLANG_CXX_LANGUAGE_STANDARD = "gnu++20";
				CLANG_ENABLE_MODULES = YES;
				CLANG_ENABLE_OBJC_ARC = YES;
				CLANG_ENABLE_OBJC_WEAK = YES;
				CLANG_WARN_BLOCK_CAPTURE_AUTORELEASING = YES;
				CLANG_WARN_BOOL_CONVERSION = YES;
				CLANG_WARN_COMMA = YES;
				CLANG_WARN_CONSTANT_CONVERSION = YES;
				CLANG_WARN_DEPRECATED_OBJC_IMPLEMENTATIONS = YES;
				CLANG_WARN_DIRECT_OBJC_ISA_USAGE = YES_ERROR;
				CLANG_WARN_DOCUMENTATION_COMMENTS = YES;
				CLANG_WARN_EMPTY_BODY = YES;
				CLANG_WARN_ENUM_CONVERSION = YES;
				CLANG_WARN_INFINITE_RECURSION = YES;
				CLANG_WARN_INT_CONVERSION = YES;
				CLANG_WARN_NON_LITERAL_NULL_CONVERSION = YES;
				CLANG_WARN_OBJC_IMPLICIT_RETAIN_SELF = YES;
				CLANG_WARN_OBJC_LITERAL_CONVERSION = YES;
				CLANG_WARN_OBJC_ROOT_CLASS = YES_ERROR;
				CLANG_WARN_QUOTED_INCLUDE_IN_FRAMEWORK_HEADER = YES;
				CLANG_WARN_RANGE_LOOP_ANALYSIS = YES;
				CLANG_WARN_STRICT_PROTOTYPES = YES;
				CLANG_WARN_SUSPICIOUS_MOVE = YES;
				CLANG_WARN_UNGUARDED_AVAILABILITY = YES_AGGRESSIVE;
				CLANG_WARN_UNREACHABLE_CODE = YES;
				CLANG_WARN__DUPLICATE_METHOD_MATCH = YES;
				COPY_PHASE_STRIP = NO;
				DEBUG_INFORMATION_FORMAT = "dwarf-with-dsym";
				ENABLE_NS_ASSERTIONS = NO;
				ENABLE_STRICT_OBJC_MSGSEND = YES;
				ENABLE_USER_SCRIPT_SANDBOXING = YES;
				GCC_C_LANGUAGE_STANDARD = gnu17;
				GCC_NO_COMMON_BLOCKS = YES;
				GCC_WARN_64_TO_32_BIT_CONVERSION = YES;
				GCC_WARN_ABOUT_RETURN_TYPE = YES_ERROR;
				GCC_WARN_UNDECLARED_SELECTOR = YES;
				GCC_WARN_UNINITIALIZED_AUTOS = YES_AGGRESSIVE;
				GCC_WARN_UNUSED_FUNCTION = YES;
				GCC_WARN_UNUSED_VARIABLE = YES;
				IPHONEOS_DEPLOYMENT_TARGET = 17.2;
				LOCALIZATION_PREFERS_STRING_CATALOGS = YES;
				MTL_ENABLE_DEBUG_INFO = NO;
				MTL_FAST_MATH = YES;
				SDKROOT = iphoneos;
				SWIFT_COMPILATION_MODE = wholemodule;
				VALIDATE_PRODUCT = YES;
			};
			name = Release;
		};
		CD95EE192BA2DE4F00FB0A96 /* Debug */ = {
			isa = XCBuildConfiguration;
			buildSettings = {
				ASSETCATALOG_COMPILER_APPICON_NAME = AppIcon;
				ASSETCATALOG_COMPILER_GLOBAL_ACCENT_COLOR_NAME = AccentColor;
				CODE_SIGN_STYLE = Automatic;
				CURRENT_PROJECT_VERSION = 1;
				DEVELOPMENT_ASSET_PATHS = "\"FlightTimeline/Preview Content\"";
				DEVELOPMENT_TEAM = V3YK82Q5NN;
				ENABLE_PREVIEWS = YES;
				GENERATE_INFOPLIST_FILE = YES;
				INFOPLIST_KEY_CFBundleDisplayName = "Flight Timeline";
				INFOPLIST_KEY_UIApplicationSceneManifest_Generation = YES;
				INFOPLIST_KEY_UIApplicationSupportsIndirectInputEvents = YES;
				INFOPLIST_KEY_UILaunchScreen_Generation = YES;
				INFOPLIST_KEY_UISupportedInterfaceOrientations = UIInterfaceOrientationPortrait;
				INFOPLIST_KEY_UISupportedInterfaceOrientations_iPad = "UIInterfaceOrientationLandscapeLeft UIInterfaceOrientationLandscapeRight UIInterfaceOrientationPortrait UIInterfaceOrientationPortraitUpsideDown";
				LD_RUNPATH_SEARCH_PATHS = (
					"$(inherited)",
					"@executable_path/Frameworks",
				);
				MARKETING_VERSION = 1.0;
				PRODUCT_BUNDLE_IDENTIFIER = broski43.FlightTimeline;
				PRODUCT_NAME = "$(TARGET_NAME)";
				SUPPORTED_PLATFORMS = "iphoneos iphonesimulator";
				SUPPORTS_MACCATALYST = NO;
				SUPPORTS_MAC_DESIGNED_FOR_IPHONE_IPAD = NO;
				SUPPORTS_XR_DESIGNED_FOR_IPHONE_IPAD = NO;
				SWIFT_EMIT_LOC_STRINGS = YES;
				SWIFT_VERSION = 5.0;
				TARGETED_DEVICE_FAMILY = 1;
			};
			name = Debug;
		};
		CD95EE1A2BA2DE4F00FB0A96 /* Release */ = {
			isa = XCBuildConfiguration;
			buildSettings = {
				ASSETCATALOG_COMPILER_APPICON_NAME = AppIcon;
				ASSETCATALOG_COMPILER_GLOBAL_ACCENT_COLOR_NAME = AccentColor;
				CODE_SIGN_STYLE = Automatic;
				CURRENT_PROJECT_VERSION = 1;
				DEVELOPMENT_ASSET_PATHS = "\"FlightTimeline/Preview Content\"";
				DEVELOPMENT_TEAM = V3YK82Q5NN;
				ENABLE_PREVIEWS = YES;
				GENERATE_INFOPLIST_FILE = YES;
				INFOPLIST_KEY_CFBundleDisplayName = "Flight Timeline";
				INFOPLIST_KEY_UIApplicationSceneManifest_Generation = YES;
				INFOPLIST_KEY_UIApplicationSupportsIndirectInputEvents = YES;
				INFOPLIST_KEY_UILaunchScreen_Generation = YES;
				INFOPLIST_KEY_UISupportedInterfaceOrientations = UIInterfaceOrientationPortrait;
				INFOPLIST_KEY_UISupportedInterfaceOrientations_iPad = "UIInterfaceOrientationLandscapeLeft UIInterfaceOrientationLandscapeRight UIInterfaceOrientationPortrait UIInterfaceOrientationPortraitUpsideDown";
				LD_RUNPATH_SEARCH_PATHS = (
					"$(inherited)",
					"@executable_path/Frameworks",
				);
				MARKETING_VERSION = 1.0;
				PRODUCT_BUNDLE_IDENTIFIER = broski43.FlightTimeline;
				PRODUCT_NAME = "$(TARGET_NAME)";
				SUPPORTED_PLATFORMS = "iphoneos iphonesimulator";
				SUPPORTS_MACCATALYST = NO;
				SUPPORTS_MAC_DESIGNED_FOR_IPHONE_IPAD = NO;
				SUPPORTS_XR_DESIGNED_FOR_IPHONE_IPAD = NO;
				SWIFT_EMIT_LOC_STRINGS = YES;
				SWIFT_VERSION = 5.0;
				TARGETED_DEVICE_FAMILY = 1;
			};
			name = Release;
		};
/* End XCBuildConfiguration section */

/* Begin XCConfigurationList section */
		CD95EE052BA2DE4D00FB0A96 /* Build configuration list for PBXProject "FlightTimeline" */ = {
			isa = XCConfigurationList;
			buildConfigurations = (
				CD95EE162BA2DE4F00FB0A96 /* Debug */,
				CD95EE172BA2DE4F00FB0A96 /* Release */,
			);
			defaultConfigurationIsVisible = 0;
			defaultConfigurationName = Release;
		};
		CD95EE182BA2DE4F00FB0A96 /* Build configuration list for PBXNativeTarget "FlightTimeline" */ = {
			isa = XCConfigurationList;
			buildConfigurations = (
				CD95EE192BA2DE4F00FB0A96 /* Debug */,
				CD95EE1A2BA2DE4F00FB0A96 /* Release */,
			);
			defaultConfigurationIsVisible = 0;
			defaultConfigurationName = Release;
		};
/* End XCConfigurationList section */
	};
	rootObject = CD95EE022BA2DE4D00FB0A96 /* Project object */;
}
